# This file is automatically @generated by Poetry 2.1.4 and should not be changed by hand.

[[package]]
name = "cli-tools"
version = "0.1.0"
description = "A collection of CLI tools."
optional = false
python-versions = "^3.9"
groups = ["main"]
files = []
develop = true

[package.source]
type = "directory"
url = "apps/cli-tools"

[metadata]
lock-version = "2.1"
python-versions = "^3.9"
content-hash = "5638f42ef25ac2a539e8562e119f9c2298e4fa27b6cb5d7251cf3abb9718b25b"
